
Microsoft Visual Studio Solution File, Format Version 12.00
# Visual Studio Version 16
VisualStudioVersion = 16.0.31911.196
MinimumVisualStudioVersion = 10.0.40219.1
Project("{9A19103F-16F7-4668-BE54-9A1E7A4F7556}") = "CarRental.API", "CarRental.API\CarRental.API.csproj", "{20C1CC7F-6CE4-4232-9B92-FE6468C7EEED}"
EndProject
Project("{9A19103F-16F7-4668-BE54-9A1E7A4F7556}") = "CarRental.Common", "CarRental.Common\CarRental.Common.csproj", "{2DB26274-85E2-4919-9A6C-293C98ADA1BC}"
EndProject
Project("{9A19103F-16F7-4668-BE54-9A1E7A4F7556}") = "CarRental.DAL", "CarRental.DAL\CarRental.DAL.csproj", "{92007DB0-DD95-4707-90CA-333B602D3A13}"
EndProject
Project("{9A19103F-16F7-4668-BE54-9A1E7A4F7556}") = "CarRental.Services", "CarRental.Services\CarRental.Services.csproj", "{466D9553-8B10-4E50-8904-9559D53B8F75}"
EndProject
Global
	GlobalSection(SolutionConfigurationPlatforms) = preSolution
		Debug|Any CPU = Debug|Any CPU
		Release|Any CPU = Release|Any CPU
	EndGlobalSection
	GlobalSection(ProjectConfigurationPlatforms) = postSolution
		{20C1CC7F-6CE4-4232-9B92-FE6468C7EEED}.Debug|Any CPU.ActiveCfg = Debug|Any CPU
		{20C1CC7F-6CE4-4232-9B92-FE6468C7EEED}.Debug|Any CPU.Build.0 = Debug|Any CPU
		{20C1CC7F-6CE4-4232-9B92-FE6468C7EEED}.Release|Any CPU.ActiveCfg = Release|Any CPU
		{20C1CC7F-6CE4-4232-9B92-FE6468C7EEED}.Release|Any CPU.Build.0 = Release|Any CPU
		{2DB26274-85E2-4919-9A6C-293C98ADA1BC}.Debug|Any CPU.ActiveCfg = Debug|Any CPU
		{2DB26274-85E2-4919-9A6C-293C98ADA1BC}.Debug|Any CPU.Build.0 = Debug|Any CPU
		{2DB26274-85E2-4919-9A6C-293C98ADA1BC}.Release|Any CPU.ActiveCfg = Release|Any CPU
		{2DB26274-85E2-4919-9A6C-293C98ADA1BC}.Release|Any CPU.Build.0 = Release|Any CPU
		{92007DB0-DD95-4707-90CA-333B602D3A13}.Debug|Any CPU.ActiveCfg = Debug|Any CPU
		{92007DB0-DD95-4707-90CA-333B602D3A13}.Debug|Any CPU.Build.0 = Debug|Any CPU
		{92007DB0-DD95-4707-90CA-333B602D3A13}.Release|Any CPU.ActiveCfg = Release|Any CPU
		{92007DB0-DD95-4707-90CA-333B602D3A13}.Release|Any CPU.Build.0 = Release|Any CPU
		{466D9553-8B10-4E50-8904-9559D53B8F75}.Debug|Any CPU.ActiveCfg = Debug|Any CPU
		{466D9553-8B10-4E50-8904-9559D53B8F75}.Debug|Any CPU.Build.0 = Debug|Any CPU
		{466D9553-8B10-4E50-8904-9559D53B8F75}.Release|Any CPU.ActiveCfg = Release|Any CPU
		{466D9553-8B10-4E50-8904-9559D53B8F75}.Release|Any CPU.Build.0 = Release|Any CPU
	EndGlobalSection
	GlobalSection(SolutionProperties) = preSolution
		HideSolutionNode = FALSE
	EndGlobalSection
	GlobalSection(ExtensibilityGlobals) = postSolution
		SolutionGuid = {B7467FE0-5720-4F7F-9F75-BCBF3B4E1619}
	EndGlobalSection
EndGlobal
