
Microsoft Visual Studio Solution File, Format Version 12.00
# Visual Studio Version 16
VisualStudioVersion = 16.0.31911.196
MinimumVisualStudioVersion = 10.0.40219.1
Project("{9A19103F-16F7-4668-BE54-9A1E7A4F7556}") = "CarRental.API", "CarRental.API\CarRental.API.csproj", "{58D673B7-028B-447A-B2C3-A08A6F76DD5E}"
EndProject
Project("{9A19103F-16F7-4668-BE54-9A1E7A4F7556}") = "CarRental.Common", "CarRental.Common\CarRental.Common.csproj", "{4C660585-393C-42F5-9FCF-AF75B19DA2E1}"
EndProject
Project("{9A19103F-16F7-4668-BE54-9A1E7A4F7556}") = "CarRental.DAL", "CarRental.DAL\CarRental.DAL.csproj", "{D098362E-6D84-4473-B0BA-86ADF379F8F3}"
EndProject
Project("{9A19103F-16F7-4668-BE54-9A1E7A4F7556}") = "CarRental.Services", "CarRental.Services\CarRental.Services.csproj", "{0F6777B6-D973-45CD-AB07-A04C9013145E}"
EndProject
Global
	GlobalSection(SolutionConfigurationPlatforms) = preSolution
		Debug|Any CPU = Debug|Any CPU
		Release|Any CPU = Release|Any CPU
	EndGlobalSection
	GlobalSection(ProjectConfigurationPlatforms) = postSolution
		{58D673B7-028B-447A-B2C3-A08A6F76DD5E}.Debug|Any CPU.ActiveCfg = Debug|Any CPU
		{58D673B7-028B-447A-B2C3-A08A6F76DD5E}.Debug|Any CPU.Build.0 = Debug|Any CPU
		{58D673B7-028B-447A-B2C3-A08A6F76DD5E}.Release|Any CPU.ActiveCfg = Release|Any CPU
		{58D673B7-028B-447A-B2C3-A08A6F76DD5E}.Release|Any CPU.Build.0 = Release|Any CPU
		{4C660585-393C-42F5-9FCF-AF75B19DA2E1}.Debug|Any CPU.ActiveCfg = Debug|Any CPU
		{4C660585-393C-42F5-9FCF-AF75B19DA2E1}.Debug|Any CPU.Build.0 = Debug|Any CPU
		{4C660585-393C-42F5-9FCF-AF75B19DA2E1}.Release|Any CPU.ActiveCfg = Release|Any CPU
		{4C660585-393C-42F5-9FCF-AF75B19DA2E1}.Release|Any CPU.Build.0 = Release|Any CPU
		{D098362E-6D84-4473-B0BA-86ADF379F8F3}.Debug|Any CPU.ActiveCfg = Debug|Any CPU
		{D098362E-6D84-4473-B0BA-86ADF379F8F3}.Debug|Any CPU.Build.0 = Debug|Any CPU
		{D098362E-6D84-4473-B0BA-86ADF379F8F3}.Release|Any CPU.ActiveCfg = Release|Any CPU
		{D098362E-6D84-4473-B0BA-86ADF379F8F3}.Release|Any CPU.Build.0 = Release|Any CPU
		{0F6777B6-D973-45CD-AB07-A04C9013145E}.Debug|Any CPU.ActiveCfg = Debug|Any CPU
		{0F6777B6-D973-45CD-AB07-A04C9013145E}.Debug|Any CPU.Build.0 = Debug|Any CPU
		{0F6777B6-D973-45CD-AB07-A04C9013145E}.Release|Any CPU.ActiveCfg = Release|Any CPU
		{0F6777B6-D973-45CD-AB07-A04C9013145E}.Release|Any CPU.Build.0 = Release|Any CPU
	EndGlobalSection
	GlobalSection(SolutionProperties) = preSolution
		HideSolutionNode = FALSE
	EndGlobalSection
	GlobalSection(ExtensibilityGlobals) = postSolution
		SolutionGuid = {B7467FE0-5720-4F7F-9F75-BCBF3B4E1619}
	EndGlobalSection
EndGlobal
